
Microsoft Visual Studio Solution File, Format Version 12.00
# Visual Studio Version 17
VisualStudioVersion = 17.14.36414.22
MinimumVisualStudioVersion = 10.0.40219.1
Project("{FAE04EC0-301F-11D3-BF4B-00C04F79EFBC}") = "ComicClouds", "ComicClouds.csproj", "{E95286C4-6529-4B8C-BD4F-504F98DF337A}"
EndProject
Global
	GlobalSection(SolutionConfigurationPlatforms) = preSolution
		Debug|Any CPU = Debug|Any CPU
		Debug|x64 = Debug|x64
		Release|Any CPU = Release|Any CPU
		Release|x64 = Release|x64
	EndGlobalSection
	GlobalSection(ProjectConfigurationPlatforms) = postSolution
		{E95286C4-6529-4B8C-BD4F-504F98DF337A}.Debug|Any CPU.ActiveCfg = Debug|Any CPU
		{E95286C4-6529-4B8C-BD4F-504F98DF337A}.Debug|Any CPU.Build.0 = Debug|Any CPU
		{E95286C4-6529-4B8C-BD4F-504F98DF337A}.Debug|x64.ActiveCfg = Debug|x64
		{E95286C4-6529-4B8C-BD4F-504F98DF337A}.Debug|x64.Build.0 = Debug|x64
		{E95286C4-6529-4B8C-BD4F-504F98DF337A}.Release|Any CPU.ActiveCfg = Release|Any CPU
		{E95286C4-6529-4B8C-BD4F-504F98DF337A}.Release|Any CPU.Build.0 = Release|Any CPU
		{E95286C4-6529-4B8C-BD4F-504F98DF337A}.Release|x64.ActiveCfg = Release|x64
		{E95286C4-6529-4B8C-BD4F-504F98DF337A}.Release|x64.Build.0 = Release|x64
	EndGlobalSection
	GlobalSection(SolutionProperties) = preSolution
		HideSolutionNode = FALSE
	EndGlobalSection
	GlobalSection(ExtensibilityGlobals) = postSolution
		SolutionGuid = {968D2E98-CB3E-4929-8C0F-B86F7385F13C}
	EndGlobalSection
EndGlobal
